# THIS IS AN AUTOGENERATED FILE. DO NOT EDIT THIS FILE DIRECTLY.
# yarn lockfile v1


"@types/chai@^4.0.4":
  version "4.1.7"
  resolved "https://registry.yarnpkg.com/@types/chai/-/chai-4.1.7.tgz#1b8e33b61a8c09cbe1f85133071baa0dbf9fa71a"
  integrity sha512-2Y8uPt0/jwjhQ6EiluT0XCri1Dbplr0ZxfFXUz+ye13gaqE8u5gL5ppao1JrUYr9cIip5S6MvQzBS7Kke7U9VA==

"@types/mocha@^2.2.42":
  version "2.2.48"
  resolved "https://registry.yarnpkg.com/@types/mocha/-/mocha-2.2.48.tgz#3523b126a0b049482e1c3c11877460f76622ffab"
  integrity sha512-nlK/iyETgafGli8Zh9zJVCTicvU3iajSkRwOh3Hhiva598CMqNJ4NcVCGMTGKpGpTYj/9R8RLzS9NAykSSCqGw==

"@types/node@^10.12.12":
  version "10.12.12"
  resolved "https://registry.yarnpkg.com/@types/node/-/node-10.12.12.tgz#e15a9d034d9210f00320ef718a50c4a799417c47"
  integrity sha512-Pr+6JRiKkfsFvmU/LK68oBRCQeEg36TyAbPhc2xpez24OOZZCuoIhWGTd39VZy6nGafSbxzGouFPTFD/rR1A0A==

ansi-bgblack@^0.1.1:
  version "0.1.1"
  resolved "https://registry.yarnpkg.com/ansi-bgblack/-/ansi-bgblack-0.1.1.tgz#a68ba5007887701b6aafbe3fa0dadfdfa8ee3ca2"
  integrity sha1-poulAHiHcBtqr74/oNrf36juPKI=
  dependencies:
    ansi-wrap "0.1.0"

ansi-bgblue@^0.1.1:
  version "0.1.1"
  resolved "https://registry.yarnpkg.com/ansi-bgblue/-/ansi-bgblue-0.1.1.tgz#67bdc04edc9b9b5278969da196dea3d75c8c3613"
  integrity sha1-Z73ATtybm1J4lp2hlt6j11yMNhM=
  dependencies:
    ansi-wrap "0.1.0"

ansi-bgcyan@^0.1.1:
  version "0.1.1"
  resolved "https://registry.yarnpkg.com/ansi-bgcyan/-/ansi-bgcyan-0.1.1.tgz#58489425600bde9f5507068dd969ebfdb50fe768"
  integrity sha1-WEiUJWAL3p9VBwaN2Wnr/bUP52g=
  dependencies:
    ansi-wrap "0.1.0"

ansi-bggreen@^0.1.1:
  version "0.1.1"
  resolved "https://registry.yarnpkg.com/ansi-bggreen/-/ansi-bggreen-0.1.1.tgz#4e3191248529943f4321e96bf131d1c13816af49"
  integrity sha1-TjGRJIUplD9DIelr8THRwTgWr0k=
  dependencies:
    ansi-wrap "0.1.0"

ansi-bgmagenta@^0.1.1:
  version "0.1.1"
  resolved "https://registry.yarnpkg.com/ansi-bgmagenta/-/ansi-bgmagenta-0.1.1.tgz#9b28432c076eaa999418672a3efbe19391c2c7a1"
  integrity sha1-myhDLAduqpmUGGcqPvvhk5HCx6E=
  dependencies:
    ansi-wrap "0.1.0"

ansi-bgred@^0.1.1:
  version "0.1.1"
  resolved "https://registry.yarnpkg.com/ansi-bgred/-/ansi-bgred-0.1.1.tgz#a76f92838382ba43290a6c1778424f984d6f1041"
  integrity sha1-p2+Sg4OCukMpCmwXeEJPmE1vEEE=
  dependencies:
    ansi-wrap "0.1.0"

ansi-bgwhite@^0.1.1:
  version "0.1.1"
  resolved "https://registry.yarnpkg.com/ansi-bgwhite/-/ansi-bgwhite-0.1.1.tgz#6504651377a58a6ececd0331994e480258e11ba8"
  integrity sha1-ZQRlE3elim7OzQMxmU5IAljhG6g=
  dependencies:
    ansi-wrap "0.1.0"

ansi-bgyellow@^0.1.1:
  version "0.1.1"
  resolved "https://registry.yarnpkg.com/ansi-bgyellow/-/ansi-bgyellow-0.1.1.tgz#c3fe2eb08cd476648029e6874d15a0b38f61d44f"
  integrity sha1-w/4usIzUdmSAKeaHTRWgs49h1E8=
  dependencies:
    ansi-wrap "0.1.0"

ansi-black@^0.1.1:
  version "0.1.1"
  resolved "https://registry.yarnpkg.com/ansi-black/-/ansi-black-0.1.1.tgz#f6185e889360b2545a1ec50c0bf063fc43032453"
  integrity sha1-9hheiJNgslRaHsUMC/Bj/EMDJFM=
  dependencies:
    ansi-wrap "0.1.0"

ansi-blue@^0.1.1:
  version "0.1.1"
  resolved "https://registry.yarnpkg.com/ansi-blue/-/ansi-blue-0.1.1.tgz#15b804990e92fc9ca8c5476ce8f699777c21edbf"
  integrity sha1-FbgEmQ6S/JyoxUds6PaZd3wh7b8=
  dependencies:
    ansi-wrap "0.1.0"

ansi-bold@^0.1.1:
  version "0.1.1"
  resolved "https://registry.yarnpkg.com/ansi-bold/-/ansi-bold-0.1.1.tgz#3e63950af5acc2ae2e670e6f67deb115d1a5f505"
  integrity sha1-PmOVCvWswq4uZw5vZ96xFdGl9QU=
  dependencies:
    ansi-wrap "0.1.0"

ansi-colors@^0.2.0:
  version "0.2.0"
  resolved "https://registry.yarnpkg.com/ansi-colors/-/ansi-colors-0.2.0.tgz#72c31de2a0d9a2ccd0cac30cc9823eeb2f6434b5"
  integrity sha1-csMd4qDZoszQysMMyYI+6y9kNLU=
  dependencies:
    ansi-bgblack "^0.1.1"
    ansi-bgblue "^0.1.1"
    ansi-bgcyan "^0.1.1"
    ansi-bggreen "^0.1.1"
    ansi-bgmagenta "^0.1.1"
    ansi-bgred "^0.1.1"
    ansi-bgwhite "^0.1.1"
    ansi-bgyellow "^0.1.1"
    ansi-black "^0.1.1"
    ansi-blue "^0.1.1"
    ansi-bold "^0.1.1"
    ansi-cyan "^0.1.1"
    ansi-dim "^0.1.1"
    ansi-gray "^0.1.1"
    ansi-green "^0.1.1"
    ansi-grey "^0.1.1"
    ansi-hidden "^0.1.1"
    ansi-inverse "^0.1.1"
    ansi-italic "^0.1.1"
    ansi-magenta "^0.1.1"
    ansi-red "^0.1.1"
    ansi-reset "^0.1.1"
    ansi-strikethrough "^0.1.1"
    ansi-underline "^0.1.1"
    ansi-white "^0.1.1"
    ansi-yellow "^0.1.1"
    lazy-cache "^2.0.1"

ansi-cyan@^0.1.1:
  version "0.1.1"
  resolved "https://registry.yarnpkg.com/ansi-cyan/-/ansi-cyan-0.1.1.tgz#538ae528af8982f28ae30d86f2f17456d2609873"
  integrity sha1-U4rlKK+JgvKK4w2G8vF0VtJgmHM=
  dependencies:
    ansi-wrap "0.1.0"

ansi-dim@^0.1.1:
  version "0.1.1"
  resolved "https://registry.yarnpkg.com/ansi-dim/-/ansi-dim-0.1.1.tgz#40de4c603aa8086d8e7a86b8ff998d5c36eefd6c"
  integrity sha1-QN5MYDqoCG2Oeoa4/5mNXDbu/Ww=
  dependencies:
    ansi-wrap "0.1.0"

ansi-gray@^0.1.1:
  version "0.1.1"
  resolved "https://registry.yarnpkg.com/ansi-gray/-/ansi-gray-0.1.1.tgz#2962cf54ec9792c48510a3deb524436861ef7251"
  integrity sha1-KWLPVOyXksSFEKPetSRDaGHvclE=
  dependencies:
    ansi-wrap "0.1.0"

ansi-green@^0.1.1:
  version "0.1.1"
  resolved "https://registry.yarnpkg.com/ansi-green/-/ansi-green-0.1.1.tgz#8a5d9a979e458d57c40e33580b37390b8e10d0f7"
  integrity sha1-il2al55FjVfEDjNYCzc5C44Q0Pc=
  dependencies:
    ansi-wrap "0.1.0"

ansi-grey@^0.1.1:
  version "0.1.1"
  resolved "https://registry.yarnpkg.com/ansi-grey/-/ansi-grey-0.1.1.tgz#59d98b6ac2ba19f8a51798e9853fba78339a33c1"
  integrity sha1-WdmLasK6GfilF5jphT+6eDOaM8E=
  dependencies:
    ansi-wrap "0.1.0"

ansi-hidden@^0.1.1:
  version "0.1.1"
  resolved "https://registry.yarnpkg.com/ansi-hidden/-/ansi-hidden-0.1.1.tgz#ed6a4c498d2bb7cbb289dbf2a8d1dcc8567fae0f"
  integrity sha1-7WpMSY0rt8uyidvyqNHcyFZ/rg8=
  dependencies:
    ansi-wrap "0.1.0"

ansi-inverse@^0.1.1:
  version "0.1.1"
  resolved "https://registry.yarnpkg.com/ansi-inverse/-/ansi-inverse-0.1.1.tgz#b6af45826fe826bfb528a6c79885794355ccd269"
  integrity sha1-tq9Fgm/oJr+1KKbHmIV5Q1XM0mk=
  dependencies:
    ansi-wrap "0.1.0"

ansi-italic@^0.1.1:
  version "0.1.1"
  resolved "https://registry.yarnpkg.com/ansi-italic/-/ansi-italic-0.1.1.tgz#104743463f625c142a036739cf85eda688986f23"
  integrity sha1-EEdDRj9iXBQqA2c5z4XtpoiYbyM=
  dependencies:
    ansi-wrap "0.1.0"

ansi-magenta@^0.1.1:
  version "0.1.1"
  resolved "https://registry.yarnpkg.com/ansi-magenta/-/ansi-magenta-0.1.1.tgz#063b5ba16fb3f23e1cfda2b07c0a89de11e430ae"
  integrity sha1-BjtboW+z8j4c/aKwfAqJ3hHkMK4=
  dependencies:
    ansi-wrap "0.1.0"

ansi-red@^0.1.1:
  version "0.1.1"
  resolved "https://registry.yarnpkg.com/ansi-red/-/ansi-red-0.1.1.tgz#8c638f9d1080800a353c9c28c8a81ca4705d946c"
  integrity sha1-jGOPnRCAgAo1PJwoyKgcpHBdlGw=
  dependencies:
    ansi-wrap "0.1.0"

ansi-regex@^3.0.0:
  version "3.0.0"
  resolved "https://registry.yarnpkg.com/ansi-regex/-/ansi-regex-3.0.0.tgz#ed0317c322064f79466c02966bddb605ab37d998"
  integrity sha1-7QMXwyIGT3lGbAKWa922Bas32Zg=

ansi-reset@^0.1.1:
  version "0.1.1"
  resolved "https://registry.yarnpkg.com/ansi-reset/-/ansi-reset-0.1.1.tgz#e7e71292c3c7ddcd4d62ef4a6c7c05980911c3b7"
  integrity sha1-5+cSksPH3c1NYu9KbHwFmAkRw7c=
  dependencies:
    ansi-wrap "0.1.0"

ansi-strikethrough@^0.1.1:
  version "0.1.1"
  resolved "https://registry.yarnpkg.com/ansi-strikethrough/-/ansi-strikethrough-0.1.1.tgz#d84877140b2cff07d1c93ebce69904f68885e568"
  integrity sha1-2Eh3FAss/wfRyT685pkE9oiF5Wg=
  dependencies:
    ansi-wrap "0.1.0"

ansi-styles@^3.2.1:
  version "3.2.1"
  resolved "https://registry.yarnpkg.com/ansi-styles/-/ansi-styles-3.2.1.tgz#41fbb20243e50b12be0f04b8dedbf07520ce841d"
  integrity sha512-VT0ZI6kZRdTh8YyJw3SMbYm/u+NqfsAxEpWO0Pf9sq8/e94WxxOpPKx9FR1FlyCtOVDNOQ+8ntlqFxiRc+r5qA==
  dependencies:
    color-convert "^1.9.0"

ansi-underline@^0.1.1:
  version "0.1.1"
  resolved "https://registry.yarnpkg.com/ansi-underline/-/ansi-underline-0.1.1.tgz#dfc920f4c97b5977ea162df8ffb988308aaa71a4"
  integrity sha1-38kg9Ml7WXfqFi34/7mIMIqqcaQ=
  dependencies:
    ansi-wrap "0.1.0"

ansi-white@^0.1.1:
  version "0.1.1"
  resolved "https://registry.yarnpkg.com/ansi-white/-/ansi-white-0.1.1.tgz#9c77b7c193c5ee992e6011d36ec4c921b4578944"
  integrity sha1-nHe3wZPF7pkuYBHTbsTJIbRXiUQ=
  dependencies:
    ansi-wrap "0.1.0"

ansi-wrap@0.1.0:
  version "0.1.0"
  resolved "https://registry.yarnpkg.com/ansi-wrap/-/ansi-wrap-0.1.0.tgz#a82250ddb0015e9a27ca82e82ea603bbfa45efaf"
  integrity sha1-qCJQ3bABXponyoLoLqYDu/pF768=

ansi-yellow@^0.1.1:
  version "0.1.1"
  resolved "https://registry.yarnpkg.com/ansi-yellow/-/ansi-yellow-0.1.1.tgz#cb9356f2f46c732f0e3199e6102955a77da83c1d"
  integrity sha1-y5NW8vRscy8OMZnmEClVp32oPB0=
  dependencies:
    ansi-wrap "0.1.0"

arr-flatten@^1.1.0:
  version "1.1.0"
  resolved "https://registry.yarnpkg.com/arr-flatten/-/arr-flatten-1.1.0.tgz#36048bbff4e7b47e136644316c99669ea5ae91f1"
  integrity sha512-L3hKV5R/p5o81R7O02IGnwpDmkp6E982XhtbuwSe3O4qOtMMMtodicASA1Cny2U+aCXcNpml+m4dPsvsJ3jatg==

arr-swap@^1.0.1:
  version "1.0.1"
  resolved "https://registry.yarnpkg.com/arr-swap/-/arr-swap-1.0.1.tgz#147590ed65fc815bc07fef0997c2e5823d643534"
  integrity sha1-FHWQ7WX8gVvAf+8Jl8Llgj1kNTQ=
  dependencies:
    is-number "^3.0.0"

arrify@^1.0.0:
  version "1.0.1"
  resolved "https://registry.yarnpkg.com/arrify/-/arrify-1.0.1.tgz#898508da2226f380df904728456849c1501a4b0d"
  integrity sha1-iYUI2iIm84DfkEcoRWhJwVAaSw0=

assertion-error@^1.1.0:
  version "1.1.0"
  resolved "https://registry.yarnpkg.com/assertion-error/-/assertion-error-1.1.0.tgz#e60b6b0e8f301bd97e5375215bda406c85118c0b"
  integrity sha512-jgsaNduz+ndvGyFt3uSuWqvy4lCnIJiovtouQN5JZHOKCS2QuhEdbcQHFhVksz2N2U9hXJo8odG7ETyWlEeuDw==

balanced-match@^1.0.0:
  version "1.0.0"
  resolved "https://registry.yarnpkg.com/balanced-match/-/balanced-match-1.0.0.tgz#89b4d199ab2bee49de164ea02b89ce462d71b767"
  integrity sha1-ibTRmasr7kneFk6gK4nORi1xt2c=

brace-expansion@^1.1.7:
  version "1.1.11"
  resolved "https://registry.yarnpkg.com/brace-expansion/-/brace-expansion-1.1.11.tgz#3c7fcbf529d87226f3d2f52b966ff5271eb441dd"
  integrity sha512-iCuPHDFgrHX7H2vEI/5xpz07zSHB00TpugqhmYtVmMO6518mCuRMoOYFldEBl0g187ufozdaHgWKcYFb61qGiA==
  dependencies:
    balanced-match "^1.0.0"
    concat-map "0.0.1"

browser-stdout@1.3.0:
  version "1.3.0"
  resolved "https://registry.yarnpkg.com/browser-stdout/-/browser-stdout-1.3.0.tgz#f351d32969d32fa5d7a5567154263d928ae3bd1f"
  integrity sha1-81HTKWnTL6XXpVZxVCY9korjvR8=

chai@^4.1.2:
  version "4.2.0"
  resolved "https://registry.yarnpkg.com/chai/-/chai-4.2.0.tgz#760aa72cf20e3795e84b12877ce0e83737aa29e5"
  integrity sha512-XQU3bhBukrOsQCuwZndwGcCVQHyZi53fQ6Ys1Fym7E4olpIqqZZhhoFJoaKVvV17lWQoXYwgWN2nF5crA8J2jw==
  dependencies:
    assertion-error "^1.1.0"
    check-error "^1.0.2"
    deep-eql "^3.0.1"
    get-func-name "^2.0.0"
    pathval "^1.1.0"
    type-detect "^4.0.5"

chalk@^2.0.0, chalk@^2.3.0:
  version "2.4.1"
  resolved "https://registry.yarnpkg.com/chalk/-/chalk-2.4.1.tgz#18c49ab16a037b6eb0152cc83e3471338215b66e"
  integrity sha512-ObN6h1v2fTJSmUXoS3nMQ92LbDK9be4TV+6G+omQlGJFdcUX5heKi1LZ1YnRMIgwTLEj3E24bT6tYni50rlCfQ==
  dependencies:
    ansi-styles "^3.2.1"
    escape-string-regexp "^1.0.5"
    supports-color "^5.3.0"

check-error@^1.0.2:
  version "1.0.2"
  resolved "https://registry.yarnpkg.com/check-error/-/check-error-1.0.2.tgz#574d312edd88bb5dd8912e9286dd6c0aed4aac82"
  integrity sha1-V00xLt2Iu13YkS6Sht1sCu1KrII=

choices-separator@^2.0.0:
  version "2.0.0"
  resolved "https://registry.yarnpkg.com/choices-separator/-/choices-separator-2.0.0.tgz#92fd1763182d79033f5c5c51d0ba352e5567c696"
  integrity sha1-kv0XYxgteQM/XFxR0Lo1LlVnxpY=
  dependencies:
    ansi-dim "^0.1.1"
    debug "^2.6.6"
    strip-color "^0.1.0"

clone-deep@^1.0.0:
  version "1.0.0"
  resolved "https://registry.yarnpkg.com/clone-deep/-/clone-deep-1.0.0.tgz#b2f354444b5d4a0ce58faca337ef34da2b14a6c7"
  integrity sha512-hmJRX8x1QOJVV+GUjOBzi6iauhPqc9hIF6xitWRBbiPZOBb6vGo/mDRIK9P74RTKSQK7AE8B0DDWY/vpRrPmQw==
  dependencies:
    for-own "^1.0.0"
    is-plain-object "^2.0.4"
    kind-of "^5.0.0"
    shallow-clone "^1.0.0"

clone-deep@^4.0.0:
  version "4.0.1"
  resolved "https://registry.yarnpkg.com/clone-deep/-/clone-deep-4.0.1.tgz#c19fd9bdbbf85942b4fd979c84dcf7d5f07c2387"
  integrity sha512-neHB9xuzh/wk0dIHweyAXv2aPGZIVk3pLMe+/RNzINf17fe0OG96QroktYAUm7SM1PBnzTabaLboqqxDyMU+SQ==
  dependencies:
    is-plain-object "^2.0.4"
    kind-of "^6.0.2"
    shallow-clone "^3.0.0"

collection-visit@^1.0.0:
  version "1.0.0"
  resolved "https://registry.yarnpkg.com/collection-visit/-/collection-visit-1.0.0.tgz#4bc0373c164bc3291b4d368c829cf1a80a59dca0"
  integrity sha1-S8A3PBZLwykbTTaMgpzxqApZ3KA=
  dependencies:
    map-visit "^1.0.0"
    object-visit "^1.0.0"

color-convert@^1.9.0:
  version "1.9.3"
  resolved "https://registry.yarnpkg.com/color-convert/-/color-convert-1.9.3.tgz#bb71850690e1f136567de629d2d5471deda4c1e8"
  integrity sha512-QfAUtd+vFdAtFQcC8CCyYt1fYWxSqAiK2cSD6zDB8N3cpsEBAvRxp9zOGg6G/SHHJYAT88/az/IuDGALsNVbGg==
  dependencies:
    color-name "1.1.3"

color-name@1.1.3:
  version "1.1.3"
  resolved "https://registry.yarnpkg.com/color-name/-/color-name-1.1.3.tgz#a7d0558bd89c42f795dd42328f740831ca53bc25"
  integrity sha1-p9BVi9icQveV3UIyj3QIMcpTvCU=

commander@2.9.0:
  version "2.9.0"
  resolved "https://registry.yarnpkg.com/commander/-/commander-2.9.0.tgz#9c99094176e12240cb22d6c5146098400fe0f7d4"
  integrity sha1-nJkJQXbhIkDLItbFFGCYQA/g99Q=
  dependencies:
    graceful-readlink ">= 1.0.0"

component-emitter@^1.2.1:
  version "1.2.1"
  resolved "https://registry.yarnpkg.com/component-emitter/-/component-emitter-1.2.1.tgz#137918d6d78283f7df7a6b7c5a63e140e69425e6"
  integrity sha1-E3kY1teCg/ffemt8WmPhQOaUJeY=

concat-map@0.0.1:
  version "0.0.1"
  resolved "https://registry.yarnpkg.com/concat-map/-/concat-map-0.0.1.tgz#d8a96bd77fd68df7793a73036a3ba0d5405d477b"
  integrity sha1-2Klr13/Wjfd5OnMDajug1UBdR3s=

copy-descriptor@^0.1.0:
  version "0.1.1"
  resolved "https://registry.yarnpkg.com/copy-descriptor/-/copy-descriptor-0.1.1.tgz#676f6eb3c39997c2ee1ac3a924fd6124748f578d"
  integrity sha1-Z29us8OZl8LuGsOpJP1hJHSPV40=

debug@2.6.8:
  version "2.6.8"
  resolved "https://registry.yarnpkg.com/debug/-/debug-2.6.8.tgz#e731531ca2ede27d188222427da17821d68ff4fc"
  integrity sha1-5zFTHKLt4n0YgiJCfaF4IdaP9Pw=
  dependencies:
    ms "2.0.0"

debug@^2.6.6, debug@^2.6.8:
  version "2.6.9"
  resolved "https://registry.yarnpkg.com/debug/-/debug-2.6.9.tgz#5d128515df134ff327e90a4c93f4e077a536341f"
  integrity sha512-bC7ElrdJaJnPbAP+1EotYvqZsb3ecl5wi6Bfi6BJTUcNowp6cvspg0jXznRTKDjm/E7AdgFBVeAPVMNcKGsHMA==
  dependencies:
    ms "2.0.0"

debug@^3.0.1:
  version "3.2.6"
  resolved "https://registry.yarnpkg.com/debug/-/debug-3.2.6.tgz#e83d17de16d8a7efb7717edbe5fb10135eee629b"
  integrity sha512-mel+jf7nrtEl5Pn1Qx46zARXKDpBbvzezse7p7LqINmdoIk8PYP5SySaxEmYv6TZ0JyEKA1hsCId6DIhgITtWQ==
  dependencies:
    ms "^2.1.1"

deep-eql@^3.0.1:
  version "3.0.1"
  resolved "https://registry.yarnpkg.com/deep-eql/-/deep-eql-3.0.1.tgz#dfc9404400ad1c8fe023e7da1df1c147c4b444df"
  integrity sha512-+QeIQyN5ZuO+3Uk5DYh6/1eKO0m0YmJFGNmFHGACpf1ClL1nmlV/p4gNgbl2pJGxgXb4faqo6UE+M5ACEMyVcw==
  dependencies:
    type-detect "^4.0.0"

deep-is@~0.1.3:
  version "0.1.3"
  resolved "https://registry.yarnpkg.com/deep-is/-/deep-is-0.1.3.tgz#b369d6fb5dbc13eecf524f91b070feedc357cf34"
  integrity sha1-s2nW+128E+7PUk+RsHD+7cNXzzQ=

define-property@^0.2.5:
  version "0.2.5"
  resolved "https://registry.yarnpkg.com/define-property/-/define-property-0.2.5.tgz#c35b1ef918ec3c990f9a5bc57be04aacec5c8116"
  integrity sha1-w1se+RjsPJkPmlvFe+BKrOxcgRY=
  dependencies:
    is-descriptor "^0.1.0"

define-property@^1.0.0:
  version "1.0.0"
  resolved "https://registry.yarnpkg.com/define-property/-/define-property-1.0.0.tgz#769ebaaf3f4a63aad3af9e8d304c9bbe79bfb0e6"
  integrity sha1-dp66rz9KY6rTr56NMEybvnm/sOY=
  dependencies:
    is-descriptor "^1.0.0"

define-property@^2.0.2:
  version "2.0.2"
  resolved "https://registry.yarnpkg.com/define-property/-/define-property-2.0.2.tgz#d459689e8d654ba77e02a817f8710d702cb16e9d"
  integrity sha512-jwK2UV4cnPpbcG7+VRARKTZPUWowwXA8bzH5NP6ud0oeAxyYPuGZUAC7hMugpCdz4BeSZl2Dl9k66CHJ/46ZYQ==
  dependencies:
    is-descriptor "^1.0.2"
    isobject "^3.0.1"

diff@3.2.0:
  version "3.2.0"
  resolved "https://registry.yarnpkg.com/diff/-/diff-3.2.0.tgz#c9ce393a4b7cbd0b058a725c93df299027868ff9"
  integrity sha1-yc45Okt8vQsFinJck98pkCeGj/k=

diff@^3.1.0:
  version "3.5.0"
  resolved "https://registry.yarnpkg.com/diff/-/diff-3.5.0.tgz#800c0dd1e0a8bfbc95835c202ad220fe317e5a12"
  integrity sha512-A46qtFgd+g7pDZinpnwiRJtxbC1hpgf0uzP3iG89scHk0AUC7A1TGxf5OiiOUv/JMZR8GOt8hL900hV0bOy5xA==

error-symbol@^0.1.0:
  version "0.1.0"
  resolved "https://registry.yarnpkg.com/error-symbol/-/error-symbol-0.1.0.tgz#0a4dae37d600d15a29ba453d8ef920f1844333f6"
  integrity sha1-Ck2uN9YA0VopukU9jvkg8YRDM/Y=

escape-string-regexp@1.0.5, escape-string-regexp@^1.0.5:
  version "1.0.5"
  resolved "https://registry.yarnpkg.com/escape-string-regexp/-/escape-string-regexp-1.0.5.tgz#1b61c0562190a8dff6ae3bb2cf0200ca130b86d4"
  integrity sha1-G2HAViGQqN/2rjuyzwIAyhMLhtQ=

escodegen@^1.8.1:
  version "1.11.0"
  resolved "https://registry.yarnpkg.com/escodegen/-/escodegen-1.11.0.tgz#b27a9389481d5bfd5bec76f7bb1eb3f8f4556589"
  integrity sha512-IeMV45ReixHS53K/OmfKAIztN/igDHzTJUhZM3k1jMhIZWjk45SMwAtBsEXiJp3vSPmTcu6CXn7mDvFHRN66fw==
  dependencies:
    esprima "^3.1.3"
    estraverse "^4.2.0"
    esutils "^2.0.2"
    optionator "^0.8.1"
  optionalDependencies:
    source-map "~0.6.1"

esprima@^3.1.3:
  version "3.1.3"
  resolved "https://registry.yarnpkg.com/esprima/-/esprima-3.1.3.tgz#fdca51cee6133895e3c88d535ce49dbff62a4633"
  integrity sha1-/cpRzuYTOJXjyI1TXOSdv/YqRjM=

esprima@^4.0.0:
  version "4.0.1"
  resolved "https://registry.yarnpkg.com/esprima/-/esprima-4.0.1.tgz#13b04cdb3e6c5d19df91ab6987a8695619b0aa71"
  integrity sha512-eGuFFw7Upda+g4p+QHvnW0RyTX/SVeJBDM/gCtMARO0cLuT2HcEKnTPvhjV6aGeqrCB/sbNop0Kszm0jsaWU4A==

estraverse@^4.2.0:
  version "4.2.0"
  resolved "https://registry.yarnpkg.com/estraverse/-/estraverse-4.2.0.tgz#0dee3fed31fcd469618ce7342099fc1afa0bdb13"
  integrity sha1-De4/7TH81GlhjOc0IJn8GvoL2xM=

esutils@^2.0.2:
  version "2.0.2"
  resolved "https://registry.yarnpkg.com/esutils/-/esutils-2.0.2.tgz#0abf4f1caa5bcb1f7a9d8acc6dea4faaa04bac9b"
  integrity sha1-Cr9PHKpbyx96nYrMbepPqqBLrJs=

extend-shallow@^2.0.1:
  version "2.0.1"
  resolved "https://registry.yarnpkg.com/extend-shallow/-/extend-shallow-2.0.1.tgz#51af7d614ad9a9f610ea1bafbb989d6b1c56890f"
  integrity sha1-Ua99YUrZqfYQ6huvu5idaxxWiQ8=
  dependencies:
    is-extendable "^0.1.0"

fast-levenshtein@~2.0.4:
  version "2.0.6"
  resolved "https://registry.yarnpkg.com/fast-levenshtein/-/fast-levenshtein-2.0.6.tgz#3d8a5c66883a16a30ca8643e851f19baa7797917"
  integrity sha1-PYpcZog6FqMMqGQ+hR8Zuqd5eRc=

for-in@^0.1.3:
  version "0.1.8"
  resolved "https://registry.yarnpkg.com/for-in/-/for-in-0.1.8.tgz#d8773908e31256109952b1fdb9b3fa867d2775e1"
  integrity sha1-2Hc5COMSVhCZUrH9ubP6hn0ndeE=

for-in@^1.0.1:
  version "1.0.2"
  resolved "https://registry.yarnpkg.com/for-in/-/for-in-1.0.2.tgz#81068d295a8142ec0ac726c6e2200c30fb6d5e80"
  integrity sha1-gQaNKVqBQuwKxybG4iAMMPttXoA=

for-own@^1.0.0:
  version "1.0.0"
  resolved "https://registry.yarnpkg.com/for-own/-/for-own-1.0.0.tgz#c63332f415cedc4b04dbfe70cf836494c53cb44b"
  integrity sha1-xjMy9BXO3EsE2/5wz4NklMU8tEs=
  dependencies:
    for-in "^1.0.1"

fs.realpath@^1.0.0:
  version "1.0.0"
  resolved "https://registry.yarnpkg.com/fs.realpath/-/fs.realpath-1.0.0.tgz#1504ad2523158caa40db4a2787cb01411994ea4f"
  integrity sha1-FQStJSMVjKpA20onh8sBQRmU6k8=

get-func-name@^2.0.0:
  version "2.0.0"
  resolved "https://registry.yarnpkg.com/get-func-name/-/get-func-name-2.0.0.tgz#ead774abee72e20409433a066366023dd6887a41"
  integrity sha1-6td0q+5y4gQJQzoGY2YCPdaIekE=

glob@7.1.1:
  version "7.1.1"
  resolved "https://registry.yarnpkg.com/glob/-/glob-7.1.1.tgz#805211df04faaf1c63a3600306cdf5ade50b2ec8"
  integrity sha1-gFIR3wT6rxxjo2ADBs31reULLsg=
  dependencies:
    fs.realpath "^1.0.0"
    inflight "^1.0.4"
    inherits "2"
    minimatch "^3.0.2"
    once "^1.3.0"
    path-is-absolute "^1.0.0"

"graceful-readlink@>= 1.0.0":
  version "1.0.1"
  resolved "https://registry.yarnpkg.com/graceful-readlink/-/graceful-readlink-1.0.1.tgz#4cafad76bc62f02fa039b2f94e9a3dd3a391a725"
  integrity sha1-TK+tdrxi8C+gObL5Tpo906ORpyU=

growl@1.9.2:
  version "1.9.2"
  resolved "https://registry.yarnpkg.com/growl/-/growl-1.9.2.tgz#0ea7743715db8d8de2c5ede1775e1b45ac85c02f"
  integrity sha1-Dqd0NxXbjY3ixe3hd14bRayFwC8=

has-flag@^1.0.0:
  version "1.0.0"
  resolved "https://registry.yarnpkg.com/has-flag/-/has-flag-1.0.0.tgz#9d9e793165ce017a00f00418c43f942a7b1d11fa"
  integrity sha1-nZ55MWXOAXoA8AQYxD+UKnsdEfo=

has-flag@^3.0.0:
  version "3.0.0"
  resolved "https://registry.yarnpkg.com/has-flag/-/has-flag-3.0.0.tgz#b5d454dc2199ae225699f3467e5a07f3b955bafd"
  integrity sha1-tdRU3CGZriJWmfNGfloH87lVuv0=

he@1.1.1:
  version "1.1.1"
  resolved "https://registry.yarnpkg.com/he/-/he-1.1.1.tgz#93410fd21b009735151f8868c2f271f3427e23fd"
  integrity sha1-k0EP0hsAlzUVH4howvJx80J+I/0=

homedir-polyfill@^1.0.1:
  version "1.0.1"
  resolved "https://registry.yarnpkg.com/homedir-polyfill/-/homedir-polyfill-1.0.1.tgz#4c2bbc8a758998feebf5ed68580f76d46768b4bc"
  integrity sha1-TCu8inWJmP7r9e1oWA921GdotLw=
  dependencies:
    parse-passwd "^1.0.0"

inflight@^1.0.4:
  version "1.0.6"
  resolved "https://registry.yarnpkg.com/inflight/-/inflight-1.0.6.tgz#49bd6331d7d02d0c09bc910a1075ba8165b56df9"
  integrity sha1-Sb1jMdfQLQwJvJEKEHW6gWW1bfk=
  dependencies:
    once "^1.3.0"
    wrappy "1"

info-symbol@^0.1.0:
  version "0.1.0"
  resolved "https://registry.yarnpkg.com/info-symbol/-/info-symbol-0.1.0.tgz#27841d72867ddb4242cd612d79c10633881c6a78"
  integrity sha1-J4QdcoZ920JCzWEtecEGM4gcang=

inherits@2:
  version "2.0.3"
  resolved "https://registry.yarnpkg.com/inherits/-/inherits-2.0.3.tgz#633c2c83e3da42a502f52466022480f4208261de"
  integrity sha1-Yzwsg+PaQqUC9SRmAiSA9CCCYd4=

is-accessor-descriptor@^0.1.6:
  version "0.1.6"
  resolved "https://registry.yarnpkg.com/is-accessor-descriptor/-/is-accessor-descriptor-0.1.6.tgz#a9e12cb3ae8d876727eeef3843f8a0897b5c98d6"
  integrity sha1-qeEss66Nh2cn7u84Q/igiXtcmNY=
  dependencies:
    kind-of "^3.0.2"

is-accessor-descriptor@^1.0.0:
  version "1.0.0"
  resolved "https://registry.yarnpkg.com/is-accessor-descriptor/-/is-accessor-descriptor-1.0.0.tgz#169c2f6d3df1f992618072365c9b0ea1f6878656"
  integrity sha512-m5hnHTkcVsPfqx3AKlyttIPb7J+XykHvJP2B9bZDjlhLIoEq4XoK64Vg7boZlVWYK6LUY94dYPEE7Lh0ZkZKcQ==
  dependencies:
    kind-of "^6.0.0"

is-buffer@^1.1.5:
  version "1.1.6"
  resolved "https://registry.yarnpkg.com/is-buffer/-/is-buffer-1.1.6.tgz#efaa2ea9daa0d7ab2ea13a97b2b8ad51fefbe8be"
  integrity sha512-NcdALwpXkTm5Zvvbk7owOUSvVvBKDgKP5/ewfXEznmQFfs4ZRmanOeKBTjRVjka3QFoN6XJ+9F3USqfHqTaU5w==

is-data-descriptor@^0.1.4:
  version "0.1.4"
  resolved "https://registry.yarnpkg.com/is-data-descriptor/-/is-data-descriptor-0.1.4.tgz#0b5ee648388e2c860282e793f1856fec3f301b56"
  integrity sha1-C17mSDiOLIYCgueT8YVv7D8wG1Y=
  dependencies:
    kind-of "^3.0.2"

is-data-descriptor@^1.0.0:
  version "1.0.0"
  resolved "https://registry.yarnpkg.com/is-data-descriptor/-/is-data-descriptor-1.0.0.tgz#d84876321d0e7add03990406abbbbd36ba9268c7"
  integrity sha512-jbRXy1FmtAoCjQkVmIVYwuuqDFUbaOeDjmed1tOGPrsMhtJA4rD9tkgA0F1qJ3gRFRXcHYVkdeaP50Q5rE/jLQ==
  dependencies:
    kind-of "^6.0.0"

is-descriptor@^0.1.0:
  version "0.1.6"
  resolved "https://registry.yarnpkg.com/is-descriptor/-/is-descriptor-0.1.6.tgz#366d8240dde487ca51823b1ab9f07a10a78251ca"
  integrity sha512-avDYr0SB3DwO9zsMov0gKCESFYqCnE4hq/4z3TdUlukEy5t9C0YRq7HLrsN52NAcqXKaepeCD0n+B0arnVG3Hg==
  dependencies:
    is-accessor-descriptor "^0.1.6"
    is-data-descriptor "^0.1.4"
    kind-of "^5.0.0"

is-descriptor@^1.0.0, is-descriptor@^1.0.2:
  version "1.0.2"
  resolved "https://registry.yarnpkg.com/is-descriptor/-/is-descriptor-1.0.2.tgz#3b159746a66604b04f8c81524ba365c5f14d86ec"
  integrity sha512-2eis5WqQGV7peooDyLmNEPUrps9+SXX5c9pL3xEB+4e9HnGuDa7mB7kHxHw4CbqS9k1T2hOH3miL8n8WtiYVtg==
  dependencies:
    is-accessor-descriptor "^1.0.0"
    is-data-descriptor "^1.0.0"
    kind-of "^6.0.2"

is-extendable@^0.1.0, is-extendable@^0.1.1:
  version "0.1.1"
  resolved "https://registry.yarnpkg.com/is-extendable/-/is-extendable-0.1.1.tgz#62b110e289a471418e3ec36a617d472e301dfc89"
  integrity sha1-YrEQ4omkcUGOPsNqYX1HLjAd/Ik=

is-fullwidth-code-point@^2.0.0:
  version "2.0.0"
  resolved "https://registry.yarnpkg.com/is-fullwidth-code-point/-/is-fullwidth-code-point-2.0.0.tgz#a3b30a5c4f199183167aaab93beefae3ddfb654f"
  integrity sha1-o7MKXE8ZkYMWeqq5O+764937ZU8=

is-number@^3.0.0:
  version "3.0.0"
  resolved "https://registry.yarnpkg.com/is-number/-/is-number-3.0.0.tgz#24fd6201a4782cf50561c810276afc7d12d71195"
  integrity sha1-JP1iAaR4LPUFYcgQJ2r8fRLXEZU=
  dependencies:
    kind-of "^3.0.2"

is-number@^6.0.0:
  version "6.0.0"
  resolved "https://registry.yarnpkg.com/is-number/-/is-number-6.0.0.tgz#e6d15ad31fc262887cccf217ae5f9316f81b1995"
  integrity sha512-Wu1VHeILBK8KAWJUAiSZQX94GmOE45Rg6/538fKwiloUu21KncEkYGPqob2oSZ5mUT73vLGrHQjKw3KMPwfDzg==

is-plain-object@^2.0.4:
  version "2.0.4"
  resolved "https://registry.yarnpkg.com/is-plain-object/-/is-plain-object-2.0.4.tgz#2c163b3fafb1b606d9d17928f05c2a1c38e07677"
  integrity sha512-h5PpgXkWitc38BBMYawTYMWJHFZJVnBquFE57xFpjB8pJFiF6gZ+bU+WyI/yqXiFR5mdLsgYNaPe8uao6Uv9Og==
  dependencies:
    isobject "^3.0.1"

is-windows@^1.0.1:
  version "1.0.2"
  resolved "https://registry.yarnpkg.com/is-windows/-/is-windows-1.0.2.tgz#d1850eb9791ecd18e6182ce12a30f396634bb19d"
  integrity sha512-eXK1UInq2bPmjyX6e3VHIzMLobc4J94i4AWn+Hpq3OU5KkrRC96OAcR3PRJ/pGu6m8TRnBHP9dkXQVsT/COVIA==

isobject@^3.0.0, isobject@^3.0.1:
  version "3.0.1"
  resolved "https://registry.yarnpkg.com/isobject/-/isobject-3.0.1.tgz#4e431e92b11a9731636aa1f9c8d1ccbcfdab78df"
  integrity sha1-TkMekrEalzFjaqH5yNHMvP2reN8=

json3@3.3.2:
  version "3.3.2"
  resolved "https://registry.yarnpkg.com/json3/-/json3-3.3.2.tgz#3c0434743df93e2f5c42aee7b19bcb483575f4e1"
  integrity sha1-PAQ0dD35Pi9cQq7nsZvLSDV19OE=

kind-of@^3.0.2, kind-of@^3.0.3:
  version "3.2.2"
  resolved "https://registry.yarnpkg.com/kind-of/-/kind-of-3.2.2.tgz#31ea21a734bab9bbb0f32466d893aea51e4a3c64"
  integrity sha1-MeohpzS6ubuw8yRm2JOupR5KPGQ=
  dependencies:
    is-buffer "^1.1.5"

kind-of@^5.0.0, kind-of@^5.0.2:
  version "5.1.0"
  resolved "https://registry.yarnpkg.com/kind-of/-/kind-of-5.1.0.tgz#729c91e2d857b7a419a1f9aa65685c4c33f5845d"
  integrity sha512-NGEErnH6F2vUuXDh+OlbcKW7/wOcfdRHaZ7VWtqCztfHri/++YKmP51OdWeGPuqCOba6kk2OTe5d02VmTB80Pw==

kind-of@^6.0.0, kind-of@^6.0.2:
  version "6.0.2"
  resolved "https://registry.yarnpkg.com/kind-of/-/kind-of-6.0.2.tgz#01146b36a6218e64e58f3a8d66de5d7fc6f6d051"
  integrity sha512-s5kLOcnH0XqDO+FvuaLX8DDjZ18CGFk7VygH40QoKPUQhW4e2rvM0rwUq0t8IQDOwYSeLK01U90OjzBTme2QqA==

koalas@^1.0.2:
  version "1.0.2"
  resolved "https://registry.yarnpkg.com/koalas/-/koalas-1.0.2.tgz#318433f074235db78fae5661a02a8ca53ee295cd"
  integrity sha1-MYQz8HQjXbePrlZhoCqMpT7ilc0=

lazy-cache@^2.0.1:
  version "2.0.2"
  resolved "https://registry.yarnpkg.com/lazy-cache/-/lazy-cache-2.0.2.tgz#b9190a4f913354694840859f8a8f7084d8822264"
  integrity sha1-uRkKT5EzVGlIQIWfio9whNiCImQ=
  dependencies:
    set-getter "^0.1.0"

levn@~0.3.0:
  version "0.3.0"
  resolved "https://registry.yarnpkg.com/levn/-/levn-0.3.0.tgz#3b09924edf9f083c0490fdd4c0bc4421e04764ee"
  integrity sha1-OwmSTt+fCDwEkP3UwLxEIeBHZO4=
  dependencies:
    prelude-ls "~1.1.2"
    type-check "~0.3.2"

lodash._baseassign@^3.0.0:
  version "3.2.0"
  resolved "https://registry.yarnpkg.com/lodash._baseassign/-/lodash._baseassign-3.2.0.tgz#8c38a099500f215ad09e59f1722fd0c52bfe0a4e"
  integrity sha1-jDigmVAPIVrQnlnxci/QxSv+Ck4=
  dependencies:
    lodash._basecopy "^3.0.0"
    lodash.keys "^3.0.0"

lodash._basecopy@^3.0.0:
  version "3.0.1"
  resolved "https://registry.yarnpkg.com/lodash._basecopy/-/lodash._basecopy-3.0.1.tgz#8da0e6a876cf344c0ad8a54882111dd3c5c7ca36"
  integrity sha1-jaDmqHbPNEwK2KVIghEd08XHyjY=

lodash._basecreate@^3.0.0:
  version "3.0.3"
  resolved "https://registry.yarnpkg.com/lodash._basecreate/-/lodash._basecreate-3.0.3.tgz#1bc661614daa7fc311b7d03bf16806a0213cf821"
  integrity sha1-G8ZhYU2qf8MRt9A78WgGoCE8+CE=

lodash._getnative@^3.0.0:
  version "3.9.1"
  resolved "https://registry.yarnpkg.com/lodash._getnative/-/lodash._getnative-3.9.1.tgz#570bc7dede46d61cdcde687d65d3eecbaa3aaff5"
  integrity sha1-VwvH3t5G1hzc3mh9ZdPuy6o6r/U=

lodash._isiterateecall@^3.0.0:
  version "3.0.9"
  resolved "https://registry.yarnpkg.com/lodash._isiterateecall/-/lodash._isiterateecall-3.0.9.tgz#5203ad7ba425fae842460e696db9cf3e6aac057c"
  integrity sha1-UgOte6Ql+uhCRg5pbbnPPmqsBXw=

lodash.create@3.1.1:
  version "3.1.1"
  resolved "https://registry.yarnpkg.com/lodash.create/-/lodash.create-3.1.1.tgz#d7f2849f0dbda7e04682bb8cd72ab022461debe7"
  integrity sha1-1/KEnw29p+BGgruM1yqwIkYd6+c=
  dependencies:
    lodash._baseassign "^3.0.0"
    lodash._basecreate "^3.0.0"
    lodash._isiterateecall "^3.0.0"

lodash.isarguments@^3.0.0:
  version "3.1.0"
  resolved "https://registry.yarnpkg.com/lodash.isarguments/-/lodash.isarguments-3.1.0.tgz#2f573d85c6a24289ff00663b491c1d338ff3458a"
  integrity sha1-L1c9hcaiQon/AGY7SRwdM4/zRYo=

lodash.isarray@^3.0.0:
  version "3.0.4"
  resolved "https://registry.yarnpkg.com/lodash.isarray/-/lodash.isarray-3.0.4.tgz#79e4eb88c36a8122af86f844aa9bcd851b5fbb55"
  integrity sha1-eeTriMNqgSKvhvhEqpvNhRtfu1U=

lodash.keys@^3.0.0:
  version "3.1.2"
  resolved "https://registry.yarnpkg.com/lodash.keys/-/lodash.keys-3.1.2.tgz#4dbc0472b156be50a0b286855d1bd0b0c656098a"
  integrity sha1-TbwEcrFWvlCgsoaFXRvQsMZWCYo=
  dependencies:
    lodash._getnative "^3.0.0"
    lodash.isarguments "^3.0.0"
    lodash.isarray "^3.0.0"

log-ok@^0.1.1:
  version "0.1.1"
  resolved "https://registry.yarnpkg.com/log-ok/-/log-ok-0.1.1.tgz#bea3dd36acd0b8a7240d78736b5b97c65444a334"
  integrity sha1-vqPdNqzQuKckDXhza1uXxlREozQ=
  dependencies:
    ansi-green "^0.1.1"
    success-symbol "^0.1.0"

log-utils@^0.2.1:
  version "0.2.1"
  resolved "https://registry.yarnpkg.com/log-utils/-/log-utils-0.2.1.tgz#a4c217a0dd9a50515d9b920206091ab3d4e031cf"
  integrity sha1-pMIXoN2aUFFdm5ICBgkas9TgMc8=
  dependencies:
    ansi-colors "^0.2.0"
    error-symbol "^0.1.0"
    info-symbol "^0.1.0"
    log-ok "^0.1.1"
    success-symbol "^0.1.0"
    time-stamp "^1.0.1"
    warning-symbol "^0.1.0"

make-error@^1.1.1:
  version "1.3.5"
  resolved "https://registry.yarnpkg.com/make-error/-/make-error-1.3.5.tgz#efe4e81f6db28cadd605c70f29c831b58ef776c8"
  integrity sha512-c3sIjNUow0+8swNwVpqoH4YCShKNFkMaw6oH1mNS2haDZQqkeZFlHS3dhoeEbKKmJB4vXpJucU6oH75aDYeE9g==

map-visit@^1.0.0:
  version "1.0.0"
  resolved "https://registry.yarnpkg.com/map-visit/-/map-visit-1.0.0.tgz#ecdca8f13144e660f1b5bd41f12f3479d98dfb8f"
  integrity sha1-7Nyo8TFE5mDxtb1B8S80edmN+48=
  dependencies:
    object-visit "^1.0.0"

minimatch@^3.0.2:
  version "3.0.4"
  resolved "https://registry.yarnpkg.com/minimatch/-/minimatch-3.0.4.tgz#5166e286457f03306064be5497e8dbb0c3d32083"
  integrity sha512-yJHVQEhyqPLUTgt9B83PXu6W3rx4MvvHvSUvToogpwoGDOUQ+yDrR0HRot+yOCdCO7u4hX3pWft6kWBBcqh0UA==
  dependencies:
    brace-expansion "^1.1.7"

minimist@0.0.8:
  version "0.0.8"
  resolved "https://registry.yarnpkg.com/minimist/-/minimist-0.0.8.tgz#857fcabfc3397d2625b8228262e86aa7a011b05d"
  integrity sha1-hX/Kv8M5fSYluCKCYuhqp6ARsF0=

minimist@^1.2.0:
  version "1.2.0"
  resolved "https://registry.yarnpkg.com/minimist/-/minimist-1.2.0.tgz#a35008b20f41383eec1fb914f4cd5df79a264284"
  integrity sha1-o1AIsg9BOD7sH7kU9M1d95omQoQ=

mixin-object@^2.0.1:
  version "2.0.1"
  resolved "https://registry.yarnpkg.com/mixin-object/-/mixin-object-2.0.1.tgz#4fb949441dab182540f1fe035ba60e1947a5e57e"
  integrity sha1-T7lJRB2rGCVA8f4DW6YOGUel5X4=
  dependencies:
    for-in "^0.1.3"
    is-extendable "^0.1.1"

mkdirp@0.5.1, mkdirp@^0.5.1:
  version "0.5.1"
  resolved "https://registry.yarnpkg.com/mkdirp/-/mkdirp-0.5.1.tgz#30057438eac6cf7f8c4767f38648d6697d75c903"
  integrity sha1-MAV0OOrGz3+MR2fzhkjWaX11yQM=
  dependencies:
    minimist "0.0.8"

mocha@^3.5.0:
  version "3.5.3"
  resolved "https://registry.yarnpkg.com/mocha/-/mocha-3.5.3.tgz#1e0480fe36d2da5858d1eb6acc38418b26eaa20d"
  integrity sha512-/6na001MJWEtYxHOV1WLfsmR4YIynkUEhBwzsb+fk2qmQ3iqsi258l/Q2MWHJMImAcNpZ8DEdYAK72NHoIQ9Eg==
  dependencies:
    browser-stdout "1.3.0"
    commander "2.9.0"
    debug "2.6.8"
    diff "3.2.0"
    escape-string-regexp "1.0.5"
    glob "7.1.1"
    growl "1.9.2"
    he "1.1.1"
    json3 "3.3.2"
    lodash.create "3.1.1"
    mkdirp "0.5.1"
    supports-color "3.1.2"

ms@2.0.0:
  version "2.0.0"
  resolved "https://registry.yarnpkg.com/ms/-/ms-2.0.0.tgz#5608aeadfc00be6c2901df5f9861788de0d597c8"
  integrity sha1-VgiurfwAvmwpAd9fmGF4jeDVl8g=

ms@^2.1.1:
  version "2.1.1"
  resolved "https://registry.yarnpkg.com/ms/-/ms-2.1.1.tgz#30a5864eb3ebb0a66f2ebe6d727af06a09d86e0a"
  integrity sha512-tgp+dl5cGk28utYktBsrFqA7HKgrhgPsg6Z/EfhWI4gl1Hwq8B/GmY/0oXZ6nF8hDVesS/FpnYaD/kOWhYQvyg==

mute-stream@0.0.7:
  version "0.0.7"
  resolved "https://registry.yarnpkg.com/mute-stream/-/mute-stream-0.0.7.tgz#3075ce93bc21b8fab43e1bc4da7e8115ed1e7bab"
  integrity sha1-MHXOk7whuPq0PhvE2n6BFe0ee6s=

object-copy@^0.1.0:
  version "0.1.0"
  resolved "https://registry.yarnpkg.com/object-copy/-/object-copy-0.1.0.tgz#7e7d858b781bd7c991a41ba975ed3812754e998c"
  integrity sha1-fn2Fi3gb18mRpBupde04EnVOmYw=
  dependencies:
    copy-descriptor "^0.1.0"
    define-property "^0.2.5"
    kind-of "^3.0.3"

object-visit@^1.0.0:
  version "1.0.1"
  resolved "https://registry.yarnpkg.com/object-visit/-/object-visit-1.0.1.tgz#f79c4493af0c5377b59fe39d395e41042dd045bb"
  integrity sha1-95xEk68MU3e1n+OdOV5BBC3QRbs=
  dependencies:
    isobject "^3.0.0"

once@^1.3.0:
  version "1.4.0"
  resolved "https://registry.yarnpkg.com/once/-/once-1.4.0.tgz#583b1aa775961d4b113ac17d9c50baef9dd76bd1"
  integrity sha1-WDsap3WWHUsROsF9nFC6753Xa9E=
  dependencies:
    wrappy "1"

optionator@^0.8.1:
  version "0.8.2"
  resolved "https://registry.yarnpkg.com/optionator/-/optionator-0.8.2.tgz#364c5e409d3f4d6301d6c0b4c05bba50180aeb64"
  integrity sha1-NkxeQJ0/TWMB1sC0wFu6UBgK62Q=
  dependencies:
    deep-is "~0.1.3"
    fast-levenshtein "~2.0.4"
    levn "~0.3.0"
    prelude-ls "~1.1.2"
    type-check "~0.3.2"
    wordwrap "~1.0.0"

parse-passwd@^1.0.0:
  version "1.0.0"
  resolved "https://registry.yarnpkg.com/parse-passwd/-/parse-passwd-1.0.0.tgz#6d5b934a456993b23d37f40a382d6f1666a8e5c6"
  integrity sha1-bVuTSkVpk7I9N/QKOC1vFmao5cY=

path-is-absolute@^1.0.0:
  version "1.0.1"
  resolved "https://registry.yarnpkg.com/path-is-absolute/-/path-is-absolute-1.0.1.tgz#174b9268735534ffbc7ace6bf53a5a9e1b5c5f5f"
  integrity sha1-F0uSaHNVNP+8es5r9TpanhtcX18=

pathval@^1.1.0:
  version "1.1.0"
  resolved "https://registry.yarnpkg.com/pathval/-/pathval-1.1.0.tgz#b942e6d4bde653005ef6b71361def8727d0645e0"
  integrity sha1-uULm1L3mUwBe9rcTYd74cn0GReA=

pointer-symbol@^1.0.0:
  version "1.0.0"
  resolved "https://registry.yarnpkg.com/pointer-symbol/-/pointer-symbol-1.0.0.tgz#60f9110204ea7a929b62644a21315543cbb3d447"
  integrity sha1-YPkRAgTqepKbYmRKITFVQ8uz1Ec=

prelude-ls@~1.1.2:
  version "1.1.2"
  resolved "https://registry.yarnpkg.com/prelude-ls/-/prelude-ls-1.1.2.tgz#21932a549f5e52ffd9a827f570e04be62a97da54"
  integrity sha1-IZMqVJ9eUv/ZqCf1cOBL5iqX2lQ=

prompt-actions@^3.0.2:
  version "3.0.2"
  resolved "https://registry.yarnpkg.com/prompt-actions/-/prompt-actions-3.0.2.tgz#537eee52241c940379f354a06eae8528e44ceeba"
  integrity sha512-dhz2Fl7vK+LPpmnQ/S/eSut4BnH4NZDLyddHKi5uTU/2PDn3grEMGkgsll16V5RpVUh/yxdiam0xsM0RD4xvtg==
  dependencies:
    debug "^2.6.8"

prompt-base@^4.0.1:
  version "4.1.0"
  resolved "https://registry.yarnpkg.com/prompt-base/-/prompt-base-4.1.0.tgz#7b88e4c01b096c83d2f4e501a7e85f0d369ecd1f"
  integrity sha512-svGzgLUKZoqomz9SGMkf1hBG8Wl3K7JGuRCXc/Pv7xw8239hhaTBXrmjt7EXA9P/QZzdyT8uNWt9F/iJTXq75g==
  dependencies:
    component-emitter "^1.2.1"
    debug "^3.0.1"
    koalas "^1.0.2"
    log-utils "^0.2.1"
    prompt-actions "^3.0.2"
    prompt-question "^5.0.1"
    readline-ui "^2.2.3"
    readline-utils "^2.2.3"
    static-extend "^0.1.2"

prompt-choices@^4.0.5:
  version "4.1.0"
  resolved "https://registry.yarnpkg.com/prompt-choices/-/prompt-choices-4.1.0.tgz#6094202c4e55d0762e49c1e53735727e53fd484f"
  integrity sha512-ZNYLv6rW9z9n0WdwCkEuS+w5nUAGzRgtRt6GQ5aFNFz6MIcU7nHFlHOwZtzy7RQBk80KzUGPSRQphvMiQzB8pg==
  dependencies:
    arr-flatten "^1.1.0"
    arr-swap "^1.0.1"
    choices-separator "^2.0.0"
    clone-deep "^4.0.0"
    collection-visit "^1.0.0"
    define-property "^2.0.2"
    is-number "^6.0.0"
    kind-of "^6.0.2"
    koalas "^1.0.2"
    log-utils "^0.2.1"
    pointer-symbol "^1.0.0"
    radio-symbol "^2.0.0"
    set-value "^3.0.0"
    strip-color "^0.1.0"
    terminal-paginator "^2.0.2"
    toggle-array "^1.0.1"

prompt-confirm@^1.2.0:
  version "1.2.0"
  resolved "https://registry.yarnpkg.com/prompt-confirm/-/prompt-confirm-1.2.0.tgz#ed96d0ecc3a3485c7c9d7103bf19444e7811631f"
  integrity sha512-r7XZxI5J5/oPtUskN0ZYO+lkv/WJHMQgfd1GTKAuxnHuViQShiFHdUnj6DamL4gQExaKAX7rnIcTKoRSpVVquA==
  dependencies:
    debug "^2.6.8"
    prompt-base "^4.0.1"

prompt-question@^5.0.1:
  version "5.0.2"
  resolved "https://registry.yarnpkg.com/prompt-question/-/prompt-question-5.0.2.tgz#81a479f38f0bafecc758e5d6f7bc586e599610b3"
  integrity sha512-wreaLbbu8f5+7zXds199uiT11Ojp59Z4iBi6hONlSLtsKGTvL2UY8VglcxQ3t/X4qWIxsNCg6aT4O8keO65v6Q==
  dependencies:
    clone-deep "^1.0.0"
    debug "^3.0.1"
    define-property "^1.0.0"
    isobject "^3.0.1"
    kind-of "^5.0.2"
    koalas "^1.0.2"
    prompt-choices "^4.0.5"

radio-symbol@^2.0.0:
  version "2.0.0"
  resolved "https://registry.yarnpkg.com/radio-symbol/-/radio-symbol-2.0.0.tgz#7aa9bfc50485636d52dd76d6a8e631b290799ae1"
  integrity sha1-eqm/xQSFY21S3XbWqOYxspB5muE=
  dependencies:
    ansi-gray "^0.1.1"
    ansi-green "^0.1.1"
    is-windows "^1.0.1"

readline-ui@^2.2.3:
  version "2.2.3"
  resolved "https://registry.yarnpkg.com/readline-ui/-/readline-ui-2.2.3.tgz#9e873a7668bbd8ca8a5573ce810a6bafb70a5089"
  integrity sha512-ix7jz0PxqQqcIuq3yQTHv1TOhlD2IHO74aNO+lSuXsRYm1d+pdyup1yF3zKyLK1wWZrVNGjkzw5tUegO2IDy+A==
  dependencies:
    component-emitter "^1.2.1"
    debug "^2.6.8"
    readline-utils "^2.2.1"
    string-width "^2.0.0"

readline-utils@^2.2.1, readline-utils@^2.2.3:
  version "2.2.3"
  resolved "https://registry.yarnpkg.com/readline-utils/-/readline-utils-2.2.3.tgz#6f847d6b8f1915c391b581c367cd47873862351a"
  integrity sha1-b4R9a48ZFcORtYHDZ81HhzhiNRo=
  dependencies:
    arr-flatten "^1.1.0"
    extend-shallow "^2.0.1"
    is-buffer "^1.1.5"
    is-number "^3.0.0"
    is-windows "^1.0.1"
    koalas "^1.0.2"
    mute-stream "0.0.7"
    strip-color "^0.1.0"
    window-size "^1.1.0"

set-getter@^0.1.0:
  version "0.1.0"
  resolved "https://registry.yarnpkg.com/set-getter/-/set-getter-0.1.0.tgz#d769c182c9d5a51f409145f2fba82e5e86e80376"
  integrity sha1-12nBgsnVpR9AkUXy+6guXoboA3Y=
  dependencies:
    to-object-path "^0.3.0"

set-value@^3.0.0:
  version "3.0.0"
  resolved "https://registry.yarnpkg.com/set-value/-/set-value-3.0.0.tgz#bc021514f46effed8176fd5f0f67e9988531141f"
  integrity sha512-tqkg9wJ2TOsxbzIMG5NMAmzjdbDTAD0in7XuUzmFpJE4Ipi2QFBfgC2Z1/gfxcAmWCPsuutiEJyDIMRsrjrMOQ==
  dependencies:
    is-plain-object "^2.0.4"

shallow-clone@^1.0.0:
  version "1.0.0"
  resolved "https://registry.yarnpkg.com/shallow-clone/-/shallow-clone-1.0.0.tgz#4480cd06e882ef68b2ad88a3ea54832e2c48b571"
  integrity sha512-oeXreoKR/SyNJtRJMAKPDSvd28OqEwG4eR/xc856cRGBII7gX9lvAqDxusPm0846z/w/hWYjI1NpKwJ00NHzRA==
  dependencies:
    is-extendable "^0.1.1"
    kind-of "^5.0.0"
    mixin-object "^2.0.1"

shallow-clone@^3.0.0:
  version "3.0.0"
  resolved "https://registry.yarnpkg.com/shallow-clone/-/shallow-clone-3.0.0.tgz#317b701facce5e742d4c04c64e1d52f957e22b28"
  integrity sha512-Drg+nOI+ofeuslBf0nulyWLZhK1BZprqNvPJaiB4VvES+9gC6GG+qOVAfuO12zVSgxq9SKevcme7S3uDT6Be8w==
  dependencies:
    kind-of "^6.0.2"

source-map-support@^0.4.0:
  version "0.4.18"
  resolved "https://registry.yarnpkg.com/source-map-support/-/source-map-support-0.4.18.tgz#0286a6de8be42641338594e97ccea75f0a2c585f"
  integrity sha512-try0/JqxPLF9nOjvSta7tVondkP5dwgyLDjVoyMDlmjugT2lRZ1OfsrYTkCd2hkDnJTKRbO/Rl3orm8vlsUzbA==
  dependencies:
    source-map "^0.5.6"

source-map@^0.5.6:
  version "0.5.7"
  resolved "https://registry.yarnpkg.com/source-map/-/source-map-0.5.7.tgz#8a039d2d1021d22d1ea14c80d8ea468ba2ef3fcc"
  integrity sha1-igOdLRAh0i0eoUyA2OpGi6LvP8w=

source-map@~0.6.1:
  version "0.6.1"
  resolved "https://registry.yarnpkg.com/source-map/-/source-map-0.6.1.tgz#74722af32e9614e9c287a8d0bbde48b5e2f1a263"
  integrity sha512-UjgapumWlbMhkBgzT7Ykc5YXUT46F0iKu8SGXq0bcwP5dz/h0Plj6enJqjz1Zbq2l5WaqYnrVbwWOWMyF3F47g==

static-extend@^0.1.2:
  version "0.1.2"
  resolved "https://registry.yarnpkg.com/static-extend/-/static-extend-0.1.2.tgz#60809c39cbff55337226fd5e0b520f341f1fb5c6"
  integrity sha1-YICcOcv/VTNyJv1eC1IPNB8ftcY=
  dependencies:
    define-property "^0.2.5"
    object-copy "^0.1.0"

string-width@^2.0.0:
  version "2.1.1"
  resolved "https://registry.yarnpkg.com/string-width/-/string-width-2.1.1.tgz#ab93f27a8dc13d28cac815c462143a6d9012ae9e"
  integrity sha512-nOqH59deCq9SRHlxq1Aw85Jnt4w6KvLKqWVik6oA9ZklXLNIOlqg4F2yrT1MVaTjAqvVwdfeZ7w7aCvJD7ugkw==
  dependencies:
    is-fullwidth-code-point "^2.0.0"
    strip-ansi "^4.0.0"

strip-ansi@^4.0.0:
  version "4.0.0"
  resolved "https://registry.yarnpkg.com/strip-ansi/-/strip-ansi-4.0.0.tgz#a8479022eb1ac368a871389b635262c505ee368f"
  integrity sha1-qEeQIusaw2iocTibY1JixQXuNo8=
  dependencies:
    ansi-regex "^3.0.0"

strip-bom@^3.0.0:
  version "3.0.0"
  resolved "https://registry.yarnpkg.com/strip-bom/-/strip-bom-3.0.0.tgz#2334c18e9c759f7bdd56fdef7e9ae3d588e68ed3"
  integrity sha1-IzTBjpx1n3vdVv3vfprj1YjmjtM=

strip-color@^0.1.0:
  version "0.1.0"
  resolved "https://registry.yarnpkg.com/strip-color/-/strip-color-0.1.0.tgz#106f65d3d3e6a2d9401cac0eb0ce8b8a702b4f7b"
  integrity sha1-EG9l09PmotlAHKwOsM6LinArT3s=

strip-json-comments@^2.0.0:
  version "2.0.1"
  resolved "https://registry.yarnpkg.com/strip-json-comments/-/strip-json-comments-2.0.1.tgz#3c531942e908c2697c0ec344858c286c7ca0a60a"
  integrity sha1-PFMZQukIwml8DsNEhYwobHygpgo=

success-symbol@^0.1.0:
  version "0.1.0"
  resolved "https://registry.yarnpkg.com/success-symbol/-/success-symbol-0.1.0.tgz#24022e486f3bf1cdca094283b769c472d3b72897"
  integrity sha1-JAIuSG878c3KCUKDt2nEctO3KJc=

supports-color@3.1.2:
  version "3.1.2"
  resolved "https://registry.yarnpkg.com/supports-color/-/supports-color-3.1.2.tgz#72a262894d9d408b956ca05ff37b2ed8a6e2a2d5"
  integrity sha1-cqJiiU2dQIuVbKBf83su2KbiotU=
  dependencies:
    has-flag "^1.0.0"

supports-color@^5.3.0:
  version "5.5.0"
  resolved "https://registry.yarnpkg.com/supports-color/-/supports-color-5.5.0.tgz#e2e69a44ac8772f78a1ec0b35b689df6530efc8f"
  integrity sha512-QjVjwdXIt408MIiAqCX4oUKsgU2EqAGzs2Ppkm4aQYbjm+ZEWEcW4SfFNTr4uMNZma0ey4f5lgLrkB0aX0QMow==
  dependencies:
    has-flag "^3.0.0"

terminal-paginator@^2.0.2:
  version "2.0.2"
  resolved "https://registry.yarnpkg.com/terminal-paginator/-/terminal-paginator-2.0.2.tgz#967e66056f28fe8f55ba7c1eebfb7c3ef371c1d3"
  integrity sha512-IZMT5ECF9p4s+sNCV8uvZSW9E1+9zy9Ji9xz2oee8Jfo7hUFpauyjxkhfRcIH6Lu3Wdepv5D1kVRc8Hx74/LfQ==
  dependencies:
    debug "^2.6.6"
    extend-shallow "^2.0.1"
    log-utils "^0.2.1"

time-stamp@^1.0.1:
  version "1.1.0"
  resolved "https://registry.yarnpkg.com/time-stamp/-/time-stamp-1.1.0.tgz#764a5a11af50561921b133f3b44e618687e0f5c3"
  integrity sha1-dkpaEa9QVhkhsTPztE5hhofg9cM=

to-object-path@^0.3.0:
  version "0.3.0"
  resolved "https://registry.yarnpkg.com/to-object-path/-/to-object-path-0.3.0.tgz#297588b7b0e7e0ac08e04e672f85c1f4999e17af"
  integrity sha1-KXWIt7Dn4KwI4E5nL4XB9JmeF68=
  dependencies:
    kind-of "^3.0.2"

toggle-array@^1.0.1:
  version "1.0.1"
  resolved "https://registry.yarnpkg.com/toggle-array/-/toggle-array-1.0.1.tgz#cbf5840792bd5097f33117ae824c932affe87d58"
  integrity sha1-y/WEB5K9UJfzMReugkyTKv/ofVg=
  dependencies:
    isobject "^3.0.0"

ts-node@^3.3.0:
  version "3.3.0"
  resolved "https://registry.yarnpkg.com/ts-node/-/ts-node-3.3.0.tgz#c13c6a3024e30be1180dd53038fc209289d4bf69"
  integrity sha1-wTxqMCTjC+EYDdUwOPwgkonUv2k=
  dependencies:
    arrify "^1.0.0"
    chalk "^2.0.0"
    diff "^3.1.0"
    make-error "^1.1.1"
    minimist "^1.2.0"
    mkdirp "^0.5.1"
    source-map-support "^0.4.0"
    tsconfig "^6.0.0"
    v8flags "^3.0.0"
    yn "^2.0.0"

tsconfig@^6.0.0:
  version "6.0.0"
  resolved "https://registry.yarnpkg.com/tsconfig/-/tsconfig-6.0.0.tgz#6b0e8376003d7af1864f8df8f89dd0059ffcd032"
  integrity sha1-aw6DdgA9evGGT434+J3QBZ/80DI=
  dependencies:
    strip-bom "^3.0.0"
    strip-json-comments "^2.0.0"

type-check@~0.3.2:
  version "0.3.2"
  resolved "https://registry.yarnpkg.com/type-check/-/type-check-0.3.2.tgz#5884cab512cf1d355e3fb784f30804b2b520db72"
  integrity sha1-WITKtRLPHTVeP7eE8wgEsrUg23I=
  dependencies:
    prelude-ls "~1.1.2"

type-detect@^4.0.0, type-detect@^4.0.5:
  version "4.0.8"
  resolved "https://registry.yarnpkg.com/type-detect/-/type-detect-4.0.8.tgz#7646fb5f18871cfbb7749e69bd39a6388eb7450c"
  integrity sha512-0fr/mIH1dlO+x7TlcMy+bIDqKPsw/70tVyeHW787goQjhmqaZe10uwLujubK9q9Lg6Fiho1KUKDYz0Z7k7g5/g==

typescript@^2.4.2:
  version "2.9.2"
  resolved "https://registry.yarnpkg.com/typescript/-/typescript-2.9.2.tgz#1cbf61d05d6b96269244eb6a3bce4bd914e0f00c"
  integrity sha512-Gr4p6nFNaoufRIY4NMdpQRNmgxVIGMs4Fcu/ujdYk3nAZqk7supzBE9idmvfZIlH/Cuj//dvi+019qEue9lV0w==

v8flags@^3.0.0:
  version "3.1.1"
  resolved "https://registry.yarnpkg.com/v8flags/-/v8flags-3.1.1.tgz#42259a1461c08397e37fe1d4f1cfb59cad85a053"
  integrity sha512-iw/1ViSEaff8NJ3HLyEjawk/8hjJib3E7pvG4pddVXfUg1983s3VGsiClDjhK64MQVDGqc1Q8r18S4VKQZS9EQ==
  dependencies:
    homedir-polyfill "^1.0.1"

warning-symbol@^0.1.0:
  version "0.1.0"
  resolved "https://registry.yarnpkg.com/warning-symbol/-/warning-symbol-0.1.0.tgz#bb31dd11b7a0f9d67ab2ed95f457b65825bbad21"
  integrity sha1-uzHdEbeg+dZ6su2V9Fe2WCW7rSE=

window-size@^1.1.0:
  version "1.1.1"
  resolved "https://registry.yarnpkg.com/window-size/-/window-size-1.1.1.tgz#9858586580ada78ab26ecd6978a6e03115c1af20"
  integrity sha512-5D/9vujkmVQ7pSmc0SCBmHXbkv6eaHwXEx65MywhmUMsI8sGqJ972APq1lotfcwMKPFLuCFfL8xGHLIp7jaBmA==
  dependencies:
    define-property "^1.0.0"
    is-number "^3.0.0"

wordwrap@~1.0.0:
  version "1.0.0"
  resolved "https://registry.yarnpkg.com/wordwrap/-/wordwrap-1.0.0.tgz#27584810891456a4171c8d0226441ade90cbcaeb"
  integrity sha1-J1hIEIkUVqQXHI0CJkQa3pDLyus=

wrappy@1:
  version "1.0.2"
  resolved "https://registry.yarnpkg.com/wrappy/-/wrappy-1.0.2.tgz#b5243d8f3ec1aa35f1364605bc0d1036e30ab69f"
  integrity sha1-tSQ9jz7BqjXxNkYFvA0QNuMKtp8=

yn@^2.0.0:
  version "2.0.0"
  resolved "https://registry.yarnpkg.com/yn/-/yn-2.0.0.tgz#e5adabc8acf408f6385fc76495684c88e6af689a"
  integrity sha1-5a2ryKz0CPY4X8dklWhMiOavaJo=
